
Microsoft Visual Studio Solution File, Format Version 12.00
# Visual Studio 2015
Project("{FAE04EC0-301F-11D3-BF4B-00C04F79EFBC}") = "ExampleMonoBEh.CSharp", "ExampleMonoBEh.CSharp.csproj", "{31AEEF63-65C5-639A-79FF-CC51A421DF8C}"
EndProject
Global
	GlobalSection(SolutionConfigurationPlatforms) = preSolution
		Debug|Any CPU = Debug|Any CPU
		Release|Any CPU = Release|Any CPU
	EndGlobalSection
	GlobalSection(ProjectConfigurationPlatforms) = postSolution
		{31AEEF63-65C5-639A-79FF-CC51A421DF8C}.Debug|Any CPU.ActiveCfg = Debug|Any CPU
		{31AEEF63-65C5-639A-79FF-CC51A421DF8C}.Debug|Any CPU.Build.0 = Debug|Any CPU
		{31AEEF63-65C5-639A-79FF-CC51A421DF8C}.Release|Any CPU.ActiveCfg = Release|Any CPU
		{31AEEF63-65C5-639A-79FF-CC51A421DF8C}.Release|Any CPU.Build.0 = Release|Any CPU
	EndGlobalSection
	GlobalSection(SolutionProperties) = preSolution
		HideSolutionNode = FALSE
	EndGlobalSection
EndGlobal
